{
	"name": "muze-utils",
	"version": "1.0.0",
	"lockfileVersion": 1,
	"requires": true,
	"dependencies": {
		"commander": {
			"version": "2.17.1",
			"resolved": "https://registry.npmjs.org/commander/-/commander-2.17.1.tgz",
			"integrity": "sha512-wPMUt6FnH2yzG95SA6mzjQOEKUU3aLaDEmzs1ti+1E9h+CsrZghRlqEM/EJ4KscsQVG8uNN4uVreUeT8+drlgg=="
		},
		"d3-array": {
			"version": "1.2.4",
			"resolved": "https://registry.npmjs.org/d3-array/-/d3-array-1.2.4.tgz",
			"integrity": "sha512-KHW6M86R+FUPYGb3R5XiYjXPq7VzwxZ22buHhAEVG5ztoEcZZMLov530mmccaqA1GghZArjQV46fuc8kUqhhHw=="
		},
		"d3-axis": {
			"version": "git+ssh://git@bitbucket.org/fusioncharts/d3-axis.git#e77a5a1ef23d43dc9ab3a38439b59a12fb851df0",
			"from": "git+ssh://git@bitbucket.org/fusioncharts/d3-axis.git"
		},
		"d3-brush": {
			"version": "1.0.6",
			"resolved": "https://registry.npmjs.org/d3-brush/-/d3-brush-1.0.6.tgz",
			"integrity": "sha512-lGSiF5SoSqO5/mYGD5FAeGKKS62JdA1EV7HPrU2b5rTX4qEJJtpjaGLJngjnkewQy7UnGstnFd3168wpf5z76w==",
			"requires": {
				"d3-dispatch": "1",
				"d3-drag": "1",
				"d3-interpolate": "1",
				"d3-selection": "1",
				"d3-transition": "1"
			}
		},
		"d3-collection": {
			"version": "1.0.4",
			"resolved": "https://registry.npmjs.org/d3-collection/-/d3-collection-1.0.4.tgz",
			"integrity": "sha1-NC39EoN8kJdPM/HMCnha6lcNzcI="
		},
		"d3-color": {
			"version": "1.2.3",
			"resolved": "https://registry.npmjs.org/d3-color/-/d3-color-1.2.3.tgz",
			"integrity": "sha512-x37qq3ChOTLd26hnps36lexMRhNXEtVxZ4B25rL0DVdDsGQIJGB18S7y9XDwlDD6MD/ZBzITCf4JjGMM10TZkw=="
		},
		"d3-dispatch": {
			"version": "1.0.5",
			"resolved": "https://registry.npmjs.org/d3-dispatch/-/d3-dispatch-1.0.5.tgz",
			"integrity": "sha512-vwKx+lAqB1UuCeklr6Jh1bvC4SZgbSqbkGBLClItFBIYH4vqDJCA7qfoy14lXmJdnBOdxndAMxjCbImJYW7e6g=="
		},
		"d3-drag": {
			"version": "1.2.3",
			"resolved": "https://registry.npmjs.org/d3-drag/-/d3-drag-1.2.3.tgz",
			"integrity": "sha512-8S3HWCAg+ilzjJsNtWW1Mutl74Nmzhb9yU6igspilaJzeZVFktmY6oO9xOh5TDk+BM2KrNFjttZNoJJmDnkjkg==",
			"requires": {
				"d3-dispatch": "1",
				"d3-selection": "1"
			}
		},
		"d3-dsv": {
			"version": "1.0.10",
			"resolved": "https://registry.npmjs.org/d3-dsv/-/d3-dsv-1.0.10.tgz",
			"integrity": "sha512-vqklfpxmtO2ZER3fq/B33R/BIz3A1PV0FaZRuFM8w6jLo7sUX1BZDh73fPlr0s327rzq4H6EN1q9U+eCBCSN8g==",
			"requires": {
				"commander": "2",
				"iconv-lite": "0.4",
				"rw": "1"
			}
		},
		"d3-ease": {
			"version": "1.0.5",
			"resolved": "https://registry.npmjs.org/d3-ease/-/d3-ease-1.0.5.tgz",
			"integrity": "sha512-Ct1O//ly5y5lFM9YTdu+ygq7LleSgSE4oj7vUt9tPLHUi8VCV7QoizGpdWRWAwCO9LdYzIrQDg97+hGVdsSGPQ=="
		},
		"d3-format": {
			"version": "1.3.2",
			"resolved": "https://registry.npmjs.org/d3-format/-/d3-format-1.3.2.tgz",
			"integrity": "sha512-Z18Dprj96ExragQ0DeGi+SYPQ7pPfRMtUXtsg/ChVIKNBCzjO8XYJvRTC1usblx52lqge56V5ect+frYTQc8WQ=="
		},
		"d3-interpolate": {
			"version": "1.3.2",
			"resolved": "https://registry.npmjs.org/d3-interpolate/-/d3-interpolate-1.3.2.tgz",
			"integrity": "sha512-NlNKGopqaz9qM1PXh9gBF1KSCVh+jSFErrSlD/4hybwoNX/gt1d8CDbDW+3i+5UOHhjC6s6nMvRxcuoMVNgL2w==",
			"requires": {
				"d3-color": "1"
			}
		},
		"d3-path": {
			"version": "1.0.7",
			"resolved": "https://registry.npmjs.org/d3-path/-/d3-path-1.0.7.tgz",
			"integrity": "sha512-q0cW1RpvA5c5ma2rch62mX8AYaiLX0+bdaSM2wxSU9tXjU4DNvkx9qiUvjkuWCj3p22UO/hlPivujqMiR9PDzA=="
		},
		"d3-scale": {
			"version": "git+ssh://git@bitbucket.org/fusioncharts/d3-scale.git#ae8a444e0dc8bd5984aa04e322de41ee7b892e53",
			"from": "git+ssh://git@bitbucket.org/fusioncharts/d3-scale.git",
			"requires": {
				"d3-array": "^1.2.0",
				"d3-collection": "1",
				"d3-color": "1",
				"d3-format": "1",
				"d3-interpolate": "1",
				"d3-time": "1",
				"d3-time-format": "2"
			}
		},
		"d3-scale-chromatic": {
			"version": "1.3.3",
			"resolved": "https://registry.npmjs.org/d3-scale-chromatic/-/d3-scale-chromatic-1.3.3.tgz",
			"integrity": "sha512-BWTipif1CimXcYfT02LKjAyItX5gKiwxuPRgr4xM58JwlLocWbjPLI7aMEjkcoOQXMkYsmNsvv3d2yl/OKuHHw==",
			"requires": {
				"d3-color": "1",
				"d3-interpolate": "1"
			}
		},
		"d3-selection": {
			"version": "1.3.2",
			"resolved": "https://registry.npmjs.org/d3-selection/-/d3-selection-1.3.2.tgz",
			"integrity": "sha512-OoXdv1nZ7h2aKMVg3kaUFbLLK5jXUFAMLD/Tu5JA96mjf8f2a9ZUESGY+C36t8R1WFeWk/e55hy54Ml2I62CRQ=="
		},
		"d3-shape": {
			"version": "1.2.2",
			"resolved": "https://registry.npmjs.org/d3-shape/-/d3-shape-1.2.2.tgz",
			"integrity": "sha512-hUGEozlKecFZ2bOSNt7ENex+4Tk9uc/m0TtTEHBvitCBxUNjhzm5hS2GrrVRD/ae4IylSmxGeqX5tWC2rASMlQ==",
			"requires": {
				"d3-path": "1"
			}
		},
		"d3-time": {
			"version": "1.0.10",
			"resolved": "https://registry.npmjs.org/d3-time/-/d3-time-1.0.10.tgz",
			"integrity": "sha512-hF+NTLCaJHF/JqHN5hE8HVGAXPStEq6/omumPE/SxyHVrR7/qQxusFDo0t0c/44+sCGHthC7yNGFZIEgju0P8g=="
		},
		"d3-time-format": {
			"version": "2.1.3",
			"resolved": "https://registry.npmjs.org/d3-time-format/-/d3-time-format-2.1.3.tgz",
			"integrity": "sha512-6k0a2rZryzGm5Ihx+aFMuO1GgelgIz+7HhB4PH4OEndD5q2zGn1mDfRdNrulspOfR6JXkb2sThhDK41CSK85QA==",
			"requires": {
				"d3-time": "1"
			}
		},
		"d3-timer": {
			"version": "1.0.9",
			"resolved": "https://registry.npmjs.org/d3-timer/-/d3-timer-1.0.9.tgz",
			"integrity": "sha512-rT34J5HnQUHhcLvhSB9GjCkN0Ddd5Y8nCwDBG2u6wQEeYxT/Lf51fTFFkldeib/sE/J0clIe0pnCfs6g/lRbyg=="
		},
		"d3-transition": {
			"version": "1.1.3",
			"resolved": "https://registry.npmjs.org/d3-transition/-/d3-transition-1.1.3.tgz",
			"integrity": "sha512-tEvo3qOXL6pZ1EzcXxFcPNxC/Ygivu5NoBY6mbzidATAeML86da+JfVIUzon3dNM6UX6zjDx+xbYDmMVtTSjuA==",
			"requires": {
				"d3-color": "1",
				"d3-dispatch": "1",
				"d3-ease": "1",
				"d3-interpolate": "1",
				"d3-selection": "^1.1.0",
				"d3-timer": "1"
			}
		},
		"d3-voronoi": {
			"version": "1.1.4",
			"resolved": "https://registry.npmjs.org/d3-voronoi/-/d3-voronoi-1.1.4.tgz",
			"integrity": "sha512-dArJ32hchFsrQ8uMiTBLq256MpnZjeuBtdHpaDlYuQyjU0CVzCJl/BVW+SkszaAeH95D/8gxqAhgx0ouAWAfRg=="
		},
		"datamodel": {
			"version": "git+ssh://git@bitbucket.org/fusioncharts/datamodel.git#b6581549a48d09b7996c0bf909029cccabd16fc3",
			"from": "git+ssh://git@bitbucket.org/fusioncharts/datamodel.git#develop",
			"requires": {
				"d3-dsv": "^1.0.8"
			}
		},
		"hyperdis": {
			"version": "git+ssh://git@bitbucket.org/fusioncharts/hyperdis.git#76ebe6ca03dcc205199c9540cbbc5eedf9eab912",
			"from": "git+ssh://git@bitbucket.org/fusioncharts/hyperdis.git#develop"
		},
		"iconv-lite": {
			"version": "0.4.24",
			"resolved": "https://registry.npmjs.org/iconv-lite/-/iconv-lite-0.4.24.tgz",
			"integrity": "sha512-v3MXnZAcvnywkTUEZomIActle7RXXeedOR31wwl7VlyoXO4Qi9arvSenNQWne1TcRwhCL1HwLI21bEqdpj8/rA==",
			"requires": {
				"safer-buffer": ">= 2.1.2 < 3"
			}
		},
		"rw": {
			"version": "1.3.3",
			"resolved": "https://registry.npmjs.org/rw/-/rw-1.3.3.tgz",
			"integrity": "sha1-P4Yt+pGrdmsUiF700BEkv9oHT7Q="
		},
		"safer-buffer": {
			"version": "2.1.2",
			"resolved": "https://registry.npmjs.org/safer-buffer/-/safer-buffer-2.1.2.tgz",
			"integrity": "sha512-YZo3K82SD7Riyi0E1EQPojLz7kpepnSQI9IyPbHHg1XXXevb5dJI7tpyN2ADxGcQbHG7vcyRHk0cbwqcQriUtg=="
		}
	}
}
