{
	"name": "muze",
	"version": "1.0.0",
	"lockfileVersion": 1,
	"requires": true,
	"dependencies": {
		"fusioncharts-smartlabel": {
			"version": "1.0.2",
			"resolved": "https://registry.npmjs.org/fusioncharts-smartlabel/-/fusioncharts-smartlabel-1.0.2.tgz",
			"integrity": "sha1-hOvLbG8MzH+OgSqfGbeTE9g+1jE="
		}
	}
}
