{
	"name": "muze",
	"version": "1.0.0",
	"lockfileVersion": 1,
	"requires": true,
	"dependencies": {
		"commander": {
			"version": "2.17.1",
			"resolved": "https://registry.npmjs.org/commander/-/commander-2.17.1.tgz",
			"integrity": "sha512-wPMUt6FnH2yzG95SA6mzjQOEKUU3aLaDEmzs1ti+1E9h+CsrZghRlqEM/EJ4KscsQVG8uNN4uVreUeT8+drlgg=="
		},
		"d3-brush": {
			"version": "1.0.4",
			"resolved": "https://registry.npmjs.org/d3-brush/-/d3-brush-1.0.4.tgz",
			"integrity": "sha1-AMLyOAGfJPbAoZSibUGhUw/+e8Q=",
			"requires": {
				"d3-dispatch": "1",
				"d3-drag": "1",
				"d3-interpolate": "1",
				"d3-selection": "1",
				"d3-transition": "1"
			}
		},
		"d3-color": {
			"version": "1.2.0",
			"resolved": "https://registry.npmjs.org/d3-color/-/d3-color-1.2.0.tgz",
			"integrity": "sha512-dmL9Zr/v39aSSMnLOTd58in2RbregCg4UtGyUArvEKTTN6S3HKEy+ziBWVYo9PTzRyVW+pUBHUtRKz0HYX+SQg=="
		},
		"d3-dispatch": {
			"version": "1.0.3",
			"resolved": "https://registry.npmjs.org/d3-dispatch/-/d3-dispatch-1.0.3.tgz",
			"integrity": "sha1-RuFJHqqbWMNY/OW+TovtYm54cfg="
		},
		"d3-drag": {
			"version": "1.2.1",
			"resolved": "https://registry.npmjs.org/d3-drag/-/d3-drag-1.2.1.tgz",
			"integrity": "sha512-Cg8/K2rTtzxzrb0fmnYOUeZHvwa4PHzwXOLZZPwtEs2SKLLKLXeYwZKBB+DlOxUvFmarOnmt//cU4+3US2lyyQ==",
			"requires": {
				"d3-dispatch": "1",
				"d3-selection": "1"
			}
		},
		"d3-dsv": {
			"version": "1.0.8",
			"resolved": "https://registry.npmjs.org/d3-dsv/-/d3-dsv-1.0.8.tgz",
			"integrity": "sha512-IVCJpQ+YGe3qu6odkPQI0KPqfxkhbP/oM1XhhE/DFiYmcXKfCRub4KXyiuehV1d4drjWVXHUWx4gHqhdZb6n/A==",
			"requires": {
				"commander": "2",
				"iconv-lite": "0.4",
				"rw": "1"
			}
		},
		"d3-ease": {
			"version": "1.0.3",
			"resolved": "https://registry.npmjs.org/d3-ease/-/d3-ease-1.0.3.tgz",
			"integrity": "sha1-aL+8NJM4o4DETYrMT7wzBKotjA4="
		},
		"d3-interpolate": {
			"version": "1.2.0",
			"resolved": "https://registry.npmjs.org/d3-interpolate/-/d3-interpolate-1.2.0.tgz",
			"integrity": "sha512-zLvTk8CREPFfc/2XglPQriAsXkzoRDAyBzndtKJWrZmHw7kmOWHNS11e40kPTd/oGk8P5mFJW5uBbcFQ+ybxyA==",
			"requires": {
				"d3-color": "1"
			}
		},
		"d3-path": {
			"version": "1.0.5",
			"resolved": "https://registry.npmjs.org/d3-path/-/d3-path-1.0.5.tgz",
			"integrity": "sha1-JB6xhJvZ6egCHA0KeZ+KDo5EF2Q="
		},
		"d3-selection": {
			"version": "1.3.0",
			"resolved": "https://registry.npmjs.org/d3-selection/-/d3-selection-1.3.0.tgz",
			"integrity": "sha512-qgpUOg9tl5CirdqESUAu0t9MU/t3O9klYfGfyKsXEmhyxyzLpzpeh08gaxBUTQw1uXIOkr/30Ut2YRjSSxlmHA=="
		},
		"d3-shape": {
			"version": "1.2.0",
			"resolved": "https://registry.npmjs.org/d3-shape/-/d3-shape-1.2.0.tgz",
			"integrity": "sha1-RdAVOPBkuv0F6j1tLLdI/YxB93c=",
			"requires": {
				"d3-path": "1"
			}
		},
		"d3-timer": {
			"version": "1.0.7",
			"resolved": "https://registry.npmjs.org/d3-timer/-/d3-timer-1.0.7.tgz",
			"integrity": "sha512-vMZXR88XujmG/L5oB96NNKH5lCWwiLM/S2HyyAQLcjWJCloK5shxta4CwOFYLZoY3AWX73v8Lgv4cCAdWtRmOA=="
		},
		"d3-transition": {
			"version": "1.1.1",
			"resolved": "https://registry.npmjs.org/d3-transition/-/d3-transition-1.1.1.tgz",
			"integrity": "sha512-xeg8oggyQ+y5eb4J13iDgKIjUcEfIOZs2BqV/eEmXm2twx80wTzJ4tB4vaZ5BKfz7XsI/DFmQL5me6O27/5ykQ==",
			"requires": {
				"d3-color": "1",
				"d3-dispatch": "1",
				"d3-ease": "1",
				"d3-interpolate": "1",
				"d3-selection": "^1.1.0",
				"d3-timer": "1"
			}
		},
		"d3-voronoi": {
			"version": "1.1.2",
			"resolved": "https://registry.npmjs.org/d3-voronoi/-/d3-voronoi-1.1.2.tgz",
			"integrity": "sha1-Fodmfo8TotFYyAwUgMWinLDYlzw="
		},
		"datamodel": {
			"version": "git+ssh://git@bitbucket.org/fusioncharts/datamodel.git#1083ef4cc54dc0d9bb39c5ff851777e8bfabc0a4",
			"from": "git+ssh://git@bitbucket.org/fusioncharts/datamodel.git#develop",
			"requires": {
				"d3-dsv": "^1.0.8",
				"muze-utils": "git+ssh://git@bitbucket.org/fusioncharts/muze-utils.git#8a11094f054229f0a1106ee38a8c2b9a700d8c3b"
			}
		},
		"fusioncharts-smartlabel": {
			"version": "1.0.2",
			"resolved": "https://registry.npmjs.org/fusioncharts-smartlabel/-/fusioncharts-smartlabel-1.0.2.tgz",
			"integrity": "sha1-hOvLbG8MzH+OgSqfGbeTE9g+1jE="
		},
		"hyperdis": {
			"version": "git+ssh://git@bitbucket.org/fusioncharts/hyperdis.git#76ebe6ca03dcc205199c9540cbbc5eedf9eab912",
			"from": "git+ssh://git@bitbucket.org/fusioncharts/hyperdis.git#develop"
		},
		"iconv-lite": {
			"version": "0.4.23",
			"resolved": "https://registry.npmjs.org/iconv-lite/-/iconv-lite-0.4.23.tgz",
			"integrity": "sha512-neyTUVFtahjf0mB3dZT77u+8O0QB89jFdnBkd5P1JgYPbPaia3gXXOVL2fq8VyU2gMMD7SaN7QukTB/pmXYvDA==",
			"requires": {
				"safer-buffer": ">= 2.1.2 < 3"
			}
		},
		"muze-utils": {
			"version": "git+ssh://git@bitbucket.org/fusioncharts/muze-utils.git#8a11094f054229f0a1106ee38a8c2b9a700d8c3b",
			"from": "git+ssh://git@bitbucket.org/fusioncharts/muze-utils.git#develop",
			"requires": {
				"d3-brush": "^1.0.4",
				"d3-color": "^1.2.0",
				"d3-drag": "^1.2.1",
				"d3-ease": "^1.0.3",
				"d3-interpolate": "^1.2.0",
				"d3-selection": "^1.3.0",
				"d3-shape": "^1.2.0",
				"d3-transition": "^1.1.1",
				"d3-voronoi": "^1.1.2",
				"hyperdis": "git+ssh://git@bitbucket.org/fusioncharts/hyperdis.git#76ebe6ca03dcc205199c9540cbbc5eedf9eab912"
			}
		},
		"rw": {
			"version": "1.3.3",
			"resolved": "https://registry.npmjs.org/rw/-/rw-1.3.3.tgz",
			"integrity": "sha1-P4Yt+pGrdmsUiF700BEkv9oHT7Q="
		},
		"safer-buffer": {
			"version": "2.1.2",
			"resolved": "https://registry.npmjs.org/safer-buffer/-/safer-buffer-2.1.2.tgz",
			"integrity": "sha512-YZo3K82SD7Riyi0E1EQPojLz7kpepnSQI9IyPbHHg1XXXevb5dJI7tpyN2ADxGcQbHG7vcyRHk0cbwqcQriUtg=="
		}
	}
}
